{
  "name": "feed-pdf",
  "version": "0.0.1",
  "lockfileVersion": 1,
  "requires": true,
  "dependencies": {
    "@snyk/protect": {
      "version": "1.839.0",
      "resolved": "https://registry.npmjs.org/@snyk/protect/-/protect-1.839.0.tgz",
      "integrity": "sha512-YHhgq604o/Y7q9cr0P5RtoSSJlnGzBfEslypwvZ6BqWZp+SWUJg+Rz81y4Okm59/GfJcf6Uj5eNnHLLd0R9PLA=="
    },
    "async": {
      "version": "2.5.0",
      "resolved": "https://registry.npmjs.org/async/-/async-2.5.0.tgz",
      "integrity": "sha512-e+lJAJeNWuPCNyxZKOBdaJGyLGHugXVQtrAwtuAe2vhxTYxFTKE73p8JuTmdH0qdQZtDvI4dhJwjZc5zsfIsYw=="
    },
    "body-parser": {
      "version": "1.16.1",
      "resolved": "https://registry.npmjs.org/body-parser/-/body-parser-1.16.1.tgz",
      "integrity": "sha1-UVQNBFrfp6DGmVoBS7ax7ZuAIyk=",
      "dependencies": {
        "debug": {
          "version": "2.6.1",
          "resolved": "https://registry.npmjs.org/debug/-/debug-2.6.1.tgz",
          "integrity": "sha1-eYVQkLosTjEVzH2HaUkdWPBJE1E="
        }
      }
    },
    "cheerio": {
      "version": "0.22.0",
      "resolved": "https://registry.npmjs.org/cheerio/-/cheerio-0.22.0.tgz",
      "integrity": "sha1-qbqoYKP5tZWmuBsahocxIe06Jp4="
    },
    "cookie-parser": {
      "version": "1.4.3",
      "resolved": "https://registry.npmjs.org/cookie-parser/-/cookie-parser-1.4.3.tgz",
      "integrity": "sha1-D+MfoZ0AC5X0qt8fU/3CuKIDuqU="
    },
    "debug": {
      "version": "2.6.9",
      "resolved": "https://registry.npmjs.org/debug/-/debug-2.6.9.tgz",
      "integrity": "sha512-bC7ElrdJaJnPbAP+1EotYvqZsb3ecl5wi6Bfi6BJTUcNowp6cvspg0jXznRTKDjm/E7AdgFBVeAPVMNcKGsHMA==",
      "requires": {
        "ms": "2.0.0"
      }
    },
    "express": {
      "version": "4.14.1",
      "resolved": "https://registry.npmjs.org/express/-/express-4.14.1.tgz",
      "integrity": "sha1-ZGwjf3ZvFIwhIK/wc4F7nk1+DTM=",
      "dependencies": {
        "debug": {
          "version": "2.2.0",
          "resolved": "https://registry.npmjs.org/debug/-/debug-2.2.0.tgz",
          "integrity": "sha1-+HBX6ZWxofauaklgZkE3vFbwOdo="
        },
        "ms": {
          "version": "0.7.1",
          "resolved": "https://registry.npmjs.org/ms/-/ms-0.7.1.tgz",
          "integrity": "sha1-nNE8A62/8ltl7/3nzoZO6VIBcJg="
        },
        "qs": {
          "version": "6.2.0",
          "resolved": "https://registry.npmjs.org/qs/-/qs-6.2.0.tgz",
          "integrity": "sha1-O3hIwDwt7OaalSKw+ujEEm10Xzs="
        }
      }
    },
    "feed-finder": {
      "version": "0.2.0",
      "resolved": "https://registry.npmjs.org/feed-finder/-/feed-finder-0.2.0.tgz",
      "integrity": "sha1-g+fSeeKycSwEfgt+Y8Iy3AEM75w="
    },
    "feed-read": {
      "version": "0.0.1",
      "resolved": "https://registry.npmjs.org/feed-read/-/feed-read-0.0.1.tgz",
      "integrity": "sha1-LaOTTX8Vu9vldNysVAOCHkFhY4s="
    },
    "fs": {
      "version": "0.0.2",
      "resolved": "https://registry.npmjs.org/fs/-/fs-0.0.2.tgz",
      "integrity": "sha1-4fJE7zkzwbKmS9R5kTYGDQ9ZFPg="
    },
    "jade": {
      "version": "1.11.0",
      "resolved": "https://registry.npmjs.org/jade/-/jade-1.11.0.tgz",
      "integrity": "sha1-nIDlOMEtP7lcjZu5VZ+gzAQEBf0="
    },
    "morgan": {
      "version": "1.9.1",
      "resolved": "https://registry.npmjs.org/morgan/-/morgan-1.9.1.tgz",
      "integrity": "sha512-HQStPIV4y3afTiCYVxirakhlCfGkI161c76kKFca7Fk1JusM//Qeo1ej2XaMniiNeaZklMVrh3vTtIzpzwbpmA==",
      "requires": {
        "basic-auth": "~2.0.0",
        "debug": "2.6.9",
        "depd": "~1.1.2",
        "on-finished": "~2.3.0",
        "on-headers": "~1.0.1"
      },
      "dependencies": {
        "basic-auth": {
          "version": "2.0.1",
          "resolved": "https://registry.npmjs.org/basic-auth/-/basic-auth-2.0.1.tgz",
          "integrity": "sha512-NF+epuEdnUYVlGuhaxbbq+dvJttwLnGY+YixlXlME5KpQ5W3CnXA5cVTneY3SPbPDRkcjMbifrwmFYcClgOZeg==",
          "requires": {
            "safe-buffer": "5.1.2"
          }
        },
        "debug": {
          "version": "2.6.9",
          "resolved": "https://registry.npmjs.org/debug/-/debug-2.6.9.tgz",
          "integrity": "sha512-bC7ElrdJaJnPbAP+1EotYvqZsb3ecl5wi6Bfi6BJTUcNowp6cvspg0jXznRTKDjm/E7AdgFBVeAPVMNcKGsHMA==",
          "requires": {
            "ms": "2.0.0"
          }
        },
        "depd": {
          "version": "1.1.2",
          "resolved": "https://registry.npmjs.org/depd/-/depd-1.1.2.tgz",
          "integrity": "sha1-m81S4UwJd2PnSbJ0xDRu0uVgtak="
        },
        "ms": {
          "version": "2.0.0",
          "resolved": "https://registry.npmjs.org/ms/-/ms-2.0.0.tgz",
          "integrity": "sha1-VgiurfwAvmwpAd9fmGF4jeDVl8g="
        },
        "safe-buffer": {
          "version": "5.1.2",
          "resolved": "https://registry.npmjs.org/safe-buffer/-/safe-buffer-5.1.2.tgz",
          "integrity": "sha512-Gd2UZBJDkXlY7GbJxfsE8/nvKkUEU1G38c1siN6QP6a9PT9MmHB8GnpscSmMJSoF8LOIrt8ud/wPtojys4G6+g=="
        }
      }
    },
    "ms": {
      "version": "2.0.0",
      "resolved": "https://registry.npmjs.org/ms/-/ms-2.0.0.tgz",
      "integrity": "sha1-VgiurfwAvmwpAd9fmGF4jeDVl8g="
    },
    "node-readability": {
      "version": "2.2.0",
      "resolved": "https://registry.npmjs.org/node-readability/-/node-readability-2.2.0.tgz",
      "integrity": "sha1-NBYGUIrYCxSqxJj+up6BlNhneOc=",
      "dependencies": {
        "asn1": {
          "version": "0.1.11",
          "resolved": "https://registry.npmjs.org/asn1/-/asn1-0.1.11.tgz",
          "integrity": "sha1-VZvhg3bQik7E2+gId9J4GGObLfc="
        },
        "assert-plus": {
          "version": "0.1.5",
          "resolved": "https://registry.npmjs.org/assert-plus/-/assert-plus-0.1.5.tgz",
          "integrity": "sha1-7nQAlBMALYTOxyGcasgRgS5yMWA="
        },
        "async": {
          "version": "0.9.2",
          "resolved": "https://registry.npmjs.org/async/-/async-0.9.2.tgz",
          "integrity": "sha1-rqdNXmHB+JlhO/ZL2mbUx48v0X0="
        },
        "aws-sign2": {
          "version": "0.5.0",
          "resolved": "https://registry.npmjs.org/aws-sign2/-/aws-sign2-0.5.0.tgz",
          "integrity": "sha1-xXED96F/wDfwLXwuZLYC6iI/fWM="
        },
        "boom": {
          "version": "0.4.2",
          "resolved": "https://registry.npmjs.org/boom/-/boom-0.4.2.tgz",
          "integrity": "sha1-emNune1O/O+xnO9JR6PGffrukRs="
        },
        "combined-stream": {
          "version": "0.0.7",
          "resolved": "https://registry.npmjs.org/combined-stream/-/combined-stream-0.0.7.tgz",
          "integrity": "sha1-ATfmV7qlp1QcV6w3rF/AfXO03B8="
        },
        "cryptiles": {
          "version": "0.2.2",
          "resolved": "https://registry.npmjs.org/cryptiles/-/cryptiles-0.2.2.tgz",
          "integrity": "sha1-7ZH/HxetE9N0gohZT4pIoNJvMlw="
        },
        "delayed-stream": {
          "version": "0.0.5",
          "resolved": "https://registry.npmjs.org/delayed-stream/-/delayed-stream-0.0.5.tgz",
          "integrity": "sha1-1LH0OpPoKW3+AmlPRoC8N6MTxz8="
        },
        "forever-agent": {
          "version": "0.5.2",
          "resolved": "https://registry.npmjs.org/forever-agent/-/forever-agent-0.5.2.tgz",
          "integrity": "sha1-bQ4JxJIflKJ/Y9O0nF/v8epMUTA="
        },
        "form-data": {
          "version": "0.1.4",
          "resolved": "https://registry.npmjs.org/form-data/-/form-data-0.1.4.tgz",
          "integrity": "sha1-kavXiKupcCsaq/qLwBAxoqyeOxI="
        },
        "hawk": {
          "version": "1.1.1",
          "resolved": "https://registry.npmjs.org/hawk/-/hawk-1.1.1.tgz",
          "integrity": "sha1-h81JH5tG5OKurKM1QWdmiF0tHtk="
        },
        "hoek": {
          "version": "0.9.1",
          "resolved": "https://registry.npmjs.org/hoek/-/hoek-0.9.1.tgz",
          "integrity": "sha1-PTIkYrrfB3Fup+uFuviAec3c5QU="
        },
        "http-signature": {
          "version": "0.10.1",
          "resolved": "https://registry.npmjs.org/http-signature/-/http-signature-0.10.1.tgz",
          "integrity": "sha1-T72sEyVZqoMjEh5UB3nAoBKyfmY="
        },
        "mime": {
          "version": "1.2.11",
          "resolved": "https://registry.npmjs.org/mime/-/mime-1.2.11.tgz",
          "integrity": "sha1-WCA+7Ybjpe8XrtK32evUfwpg3RA="
        },
        "mime-types": {
          "version": "1.0.2",
          "resolved": "https://registry.npmjs.org/mime-types/-/mime-types-1.0.2.tgz",
          "integrity": "sha1-mVrhOSq4r/y/yyZB3QVOlDwNXc4="
        },
        "minimist": {
          "version": "1.2.0",
          "resolved": "https://registry.npmjs.org/minimist/-/minimist-1.2.0.tgz",
          "integrity": "sha1-o1AIsg9BOD7sH7kU9M1d95omQoQ="
        },
        "node-uuid": {
          "version": "1.4.8",
          "resolved": "https://registry.npmjs.org/node-uuid/-/node-uuid-1.4.8.tgz",
          "integrity": "sha1-sEDrCSOWivq/jTL7HxfxFn/auQc="
        },
        "oauth-sign": {
          "version": "0.3.0",
          "resolved": "https://registry.npmjs.org/oauth-sign/-/oauth-sign-0.3.0.tgz",
          "integrity": "sha1-y1QPk7srIqfVlBaRoojWDo6pOG4="
        },
        "qs": {
          "version": "1.0.2",
          "resolved": "https://registry.npmjs.org/qs/-/qs-1.0.2.tgz",
          "integrity": "sha1-UKk+K1r2aRwxvOpdrnjubqGQN2g="
        },
        "request": {
          "version": "2.40.0",
          "resolved": "https://registry.npmjs.org/request/-/request-2.40.0.tgz",
          "integrity": "sha1-TdZw9pbx5uhC5mtLXoOTAaub62c="
        },
        "sntp": {
          "version": "0.2.4",
          "resolved": "https://registry.npmjs.org/sntp/-/sntp-0.2.4.tgz",
          "integrity": "sha1-+4hfGLDzqtGJ+CSGJTa87ux1CQA="
        },
        "tunnel-agent": {
          "version": "0.4.3",
          "resolved": "https://registry.npmjs.org/tunnel-agent/-/tunnel-agent-0.4.3.tgz",
          "integrity": "sha1-Y3PbdpCf5XDgjXNYM2Xtgop07us="
        }
      }
    },
    "on-finished": {
      "version": "2.3.0",
      "resolved": "https://registry.npmjs.org/on-finished/-/on-finished-2.3.0.tgz",
      "integrity": "sha1-IPEzZIGwg811M3mSoWlxqi2QaUc="
    },
    "on-headers": {
      "version": "1.0.1",
      "resolved": "https://registry.npmjs.org/on-headers/-/on-headers-1.0.1.tgz",
      "integrity": "sha1-ko9dD0cNSTQmUepnlLCFfBAGk/c="
    },
    "phantom-html-to-pdf": {
      "version": "0.5.4",
      "resolved": "https://registry.npmjs.org/phantom-html-to-pdf/-/phantom-html-to-pdf-0.5.4.tgz",
      "integrity": "sha1-T9+o0b0Pg/ScAFhmXNWwX6iquVs=",
      "dependencies": {
        "asn1": {
          "version": "0.1.11",
          "resolved": "https://registry.npmjs.org/asn1/-/asn1-0.1.11.tgz",
          "integrity": "sha1-VZvhg3bQik7E2+gId9J4GGObLfc="
        },
        "assert-plus": {
          "version": "0.1.5",
          "resolved": "https://registry.npmjs.org/assert-plus/-/assert-plus-0.1.5.tgz",
          "integrity": "sha1-7nQAlBMALYTOxyGcasgRgS5yMWA="
        },
        "async": {
          "version": "0.9.2",
          "resolved": "https://registry.npmjs.org/async/-/async-0.9.2.tgz",
          "integrity": "sha1-rqdNXmHB+JlhO/ZL2mbUx48v0X0="
        },
        "aws-sign2": {
          "version": "0.5.0",
          "resolved": "https://registry.npmjs.org/aws-sign2/-/aws-sign2-0.5.0.tgz",
          "integrity": "sha1-xXED96F/wDfwLXwuZLYC6iI/fWM="
        },
        "boom": {
          "version": "0.4.2",
          "resolved": "https://registry.npmjs.org/boom/-/boom-0.4.2.tgz",
          "integrity": "sha1-emNune1O/O+xnO9JR6PGffrukRs="
        },
        "caseless": {
          "version": "0.6.0",
          "resolved": "https://registry.npmjs.org/caseless/-/caseless-0.6.0.tgz",
          "integrity": "sha1-gWfBq4OX+1u5X5bSjlqBxQ8kesQ="
        },
        "combined-stream": {
          "version": "0.0.7",
          "resolved": "https://registry.npmjs.org/combined-stream/-/combined-stream-0.0.7.tgz",
          "integrity": "sha1-ATfmV7qlp1QcV6w3rF/AfXO03B8="
        },
        "cryptiles": {
          "version": "0.2.2",
          "resolved": "https://registry.npmjs.org/cryptiles/-/cryptiles-0.2.2.tgz",
          "integrity": "sha1-7ZH/HxetE9N0gohZT4pIoNJvMlw="
        },
        "delayed-stream": {
          "version": "0.0.5",
          "resolved": "https://registry.npmjs.org/delayed-stream/-/delayed-stream-0.0.5.tgz",
          "integrity": "sha1-1LH0OpPoKW3+AmlPRoC8N6MTxz8="
        },
        "forever-agent": {
          "version": "0.5.2",
          "resolved": "https://registry.npmjs.org/forever-agent/-/forever-agent-0.5.2.tgz",
          "integrity": "sha1-bQ4JxJIflKJ/Y9O0nF/v8epMUTA="
        },
        "form-data": {
          "version": "0.1.4",
          "resolved": "https://registry.npmjs.org/form-data/-/form-data-0.1.4.tgz",
          "integrity": "sha1-kavXiKupcCsaq/qLwBAxoqyeOxI="
        },
        "fs-extra": {
          "version": "0.18.4",
          "resolved": "https://registry.npmjs.org/fs-extra/-/fs-extra-0.18.4.tgz",
          "integrity": "sha1-fyBXUtbTlZyWdTPjRUAWGns43DY="
        },
        "hawk": {
          "version": "1.1.1",
          "resolved": "https://registry.npmjs.org/hawk/-/hawk-1.1.1.tgz",
          "integrity": "sha1-h81JH5tG5OKurKM1QWdmiF0tHtk="
        },
        "hoek": {
          "version": "0.9.1",
          "resolved": "https://registry.npmjs.org/hoek/-/hoek-0.9.1.tgz",
          "integrity": "sha1-PTIkYrrfB3Fup+uFuviAec3c5QU="
        },
        "http-signature": {
          "version": "0.10.1",
          "resolved": "https://registry.npmjs.org/http-signature/-/http-signature-0.10.1.tgz",
          "integrity": "sha1-T72sEyVZqoMjEh5UB3nAoBKyfmY="
        },
        "lodash": {
          "version": "4.13.1",
          "resolved": "https://registry.npmjs.org/lodash/-/lodash-4.13.1.tgz",
          "integrity": "sha1-g+SxCRP0hJbU0W/sSlYK8u50S2g="
        },
        "mime": {
          "version": "1.2.11",
          "resolved": "https://registry.npmjs.org/mime/-/mime-1.2.11.tgz",
          "integrity": "sha1-WCA+7Ybjpe8XrtK32evUfwpg3RA="
        },
        "mime-types": {
          "version": "1.0.2",
          "resolved": "https://registry.npmjs.org/mime-types/-/mime-types-1.0.2.tgz",
          "integrity": "sha1-mVrhOSq4r/y/yyZB3QVOlDwNXc4="
        },
        "node-uuid": {
          "version": "1.4.8",
          "resolved": "https://registry.npmjs.org/node-uuid/-/node-uuid-1.4.8.tgz",
          "integrity": "sha1-sEDrCSOWivq/jTL7HxfxFn/auQc="
        },
        "npmconf": {
          "version": "2.1.1",
          "resolved": "https://registry.npmjs.org/npmconf/-/npmconf-2.1.1.tgz",
          "integrity": "sha1-ombH5cVmlet/VcrzpacyjyRRDa4="
        },
        "oauth-sign": {
          "version": "0.4.0",
          "resolved": "https://registry.npmjs.org/oauth-sign/-/oauth-sign-0.4.0.tgz",
          "integrity": "sha1-8ilW8x6nFRqCHl8vsywRPK2Ln2k="
        },
        "once": {
          "version": "1.3.3",
          "resolved": "https://registry.npmjs.org/once/-/once-1.3.3.tgz",
          "integrity": "sha1-suJhVXzkwxTsgwTz+oJmPkKXyiA="
        },
        "phantomjs": {
          "version": "1.9.17",
          "resolved": "https://registry.npmjs.org/phantomjs/-/phantomjs-1.9.17.tgz",
          "integrity": "sha1-gOGOamJwIwRWGX6KI0FuaHFAzcA="
        },
        "qs": {
          "version": "1.2.2",
          "resolved": "https://registry.npmjs.org/qs/-/qs-1.2.2.tgz",
          "integrity": "sha1-GbV/8k3CqZzh+L32r82ln472H4g="
        },
        "request": {
          "version": "2.42.0",
          "resolved": "https://registry.npmjs.org/request/-/request-2.42.0.tgz",
          "integrity": "sha1-VyvQFIk4VkBArHqxSLlkI6BjMEo="
        },
        "sntp": {
          "version": "0.2.4",
          "resolved": "https://registry.npmjs.org/sntp/-/sntp-0.2.4.tgz",
          "integrity": "sha1-+4hfGLDzqtGJ+CSGJTa87ux1CQA="
        },
        "tunnel-agent": {
          "version": "0.4.3",
          "resolved": "https://registry.npmjs.org/tunnel-agent/-/tunnel-agent-0.4.3.tgz",
          "integrity": "sha1-Y3PbdpCf5XDgjXNYM2Xtgop07us="
        },
        "uuid": {
          "version": "2.0.2",
          "resolved": "https://registry.npmjs.org/uuid/-/uuid-2.0.2.tgz",
          "integrity": "sha1-SL1WmPBnfjx5AaHEbvFbFkN5RyY="
        }
      }
    },
    "phantomjs-prebuilt": {
      "version": "2.1.14",
      "resolved": "https://registry.npmjs.org/phantomjs-prebuilt/-/phantomjs-prebuilt-2.1.14.tgz",
      "integrity": "sha1-1T0xH8+30dCN2yQBRVjxGIxRbaA=",
      "dependencies": {
        "caseless": {
          "version": "0.11.0",
          "resolved": "https://registry.npmjs.org/caseless/-/caseless-0.11.0.tgz",
          "integrity": "sha1-cVuW6phBWTzDMGeSP17GDr2k99c="
        },
        "commander": {
          "version": "2.11.0",
          "resolved": "https://registry.npmjs.org/commander/-/commander-2.11.0.tgz",
          "integrity": "sha512-b0553uYA5YAEGgyYIGYROzKQ7X5RAqedkfjiZxwi0kL1g3bOaBNNZfYkzt/CL0umgD5wc9Jec2FbB98CjkMRvQ=="
        },
        "fs-extra": {
          "version": "1.0.0",
          "resolved": "https://registry.npmjs.org/fs-extra/-/fs-extra-1.0.0.tgz",
          "integrity": "sha1-zTzl9+fLYUWIP8rjGR6Yd/hYeVA="
        },
        "graceful-fs": {
          "version": "4.1.11",
          "resolved": "https://registry.npmjs.org/graceful-fs/-/graceful-fs-4.1.11.tgz",
          "integrity": "sha1-Dovf5NHduIVNZOBOp8AOKgJuVlg="
        },
        "har-validator": {
          "version": "2.0.6",
          "resolved": "https://registry.npmjs.org/har-validator/-/har-validator-2.0.6.tgz",
          "integrity": "sha1-zcvAgYgmWtEZtqWnyKtw7s+10n0="
        },
        "kew": {
          "version": "0.7.0",
          "resolved": "https://registry.npmjs.org/kew/-/kew-0.7.0.tgz",
          "integrity": "sha1-edk9LTM2PW/dKXCzNdkUGtWR15s="
        },
        "qs": {
          "version": "6.3.2",
          "resolved": "https://registry.npmjs.org/qs/-/qs-6.3.2.tgz",
          "integrity": "sha1-51vV9uJoEioqDgvaYwslUMFmUCw="
        },
        "request": {
          "version": "2.79.0",
          "resolved": "https://registry.npmjs.org/request/-/request-2.79.0.tgz",
          "integrity": "sha1-Tf5b9r6LjNw3/Pk+BLZVd3InEN4="
        },
        "request-progress": {
          "version": "2.0.1",
          "resolved": "https://registry.npmjs.org/request-progress/-/request-progress-2.0.1.tgz",
          "integrity": "sha1-XTa7V5YcZzqlt4jbyBQf3yO0Tgg="
        },
        "throttleit": {
          "version": "1.0.0",
          "resolved": "https://registry.npmjs.org/throttleit/-/throttleit-1.0.0.tgz",
          "integrity": "sha1-nnhYNtr0Z0MUWlmEtiaNgoUorGw="
        },
        "tunnel-agent": {
          "version": "0.4.3",
          "resolved": "https://registry.npmjs.org/tunnel-agent/-/tunnel-agent-0.4.3.tgz",
          "integrity": "sha1-Y3PbdpCf5XDgjXNYM2Xtgop07us="
        },
        "which": {
          "version": "1.2.14",
          "resolved": "https://registry.npmjs.org/which/-/which-1.2.14.tgz",
          "integrity": "sha1-mofEN48D6CfOyvGs31bHNsAcFOU="
        }
      }
    },
    "request": {
      "version": "2.81.0",
      "resolved": "https://registry.npmjs.org/request/-/request-2.81.0.tgz",
      "integrity": "sha1-xpKJRqDgbF+Nb4qTM0af/aRimKA=",
      "dependencies": {
        "qs": {
          "version": "6.4.0",
          "resolved": "https://registry.npmjs.org/qs/-/qs-6.4.0.tgz",
          "integrity": "sha1-E+JtKK1rD/qpExLNO/cI7TUecjM="
        }
      }
    },
    "serve-favicon": {
      "version": "2.3.2",
      "resolved": "https://registry.npmjs.org/serve-favicon/-/serve-favicon-2.3.2.tgz",
      "integrity": "sha1-3UGeJo3gEqtysxnTN/IQUBP5OB8="
    }
  }
}
